
Microsoft Visual Studio Solution File, Format Version 12.00
# Visual Studio Version 17
VisualStudioVersion = 17.3.32811.315
MinimumVisualStudioVersion = 10.0.40219.1
Project("{FAE04EC0-301F-11D3-BF4B-00C04F79EFBC}") = "Projeto1", "Projeto1\Projeto1.csproj", "{3AE14FD1-0367-4DDB-A11F-AE21495D60AD}"
EndProject
Global
	GlobalSection(SolutionConfigurationPlatforms) = preSolution
		Debug|Any CPU = Debug|Any CPU
		Release|Any CPU = Release|Any CPU
	EndGlobalSection
	GlobalSection(ProjectConfigurationPlatforms) = postSolution
		{3AE14FD1-0367-4DDB-A11F-AE21495D60AD}.Debug|Any CPU.ActiveCfg = Debug|Any CPU
		{3AE14FD1-0367-4DDB-A11F-AE21495D60AD}.Debug|Any CPU.Build.0 = Debug|Any CPU
		{3AE14FD1-0367-4DDB-A11F-AE21495D60AD}.Release|Any CPU.ActiveCfg = Release|Any CPU
		{3AE14FD1-0367-4DDB-A11F-AE21495D60AD}.Release|Any CPU.Build.0 = Release|Any CPU
	EndGlobalSection
	GlobalSection(SolutionProperties) = preSolution
		HideSolutionNode = FALSE
	EndGlobalSection
	GlobalSection(ExtensibilityGlobals) = postSolution
		SolutionGuid = {FF9BC3CA-9D4A-4AB1-B81D-6A20307ECADA}
	EndGlobalSection
EndGlobal
